
Microsoft Visual Studio Solution File, Format Version 12.00
# Visual Studio 15
VisualStudioVersion = 15.0.27428.2037
MinimumVisualStudioVersion = 10.0.40219.1
Project("{FAE04EC0-301F-11D3-BF4B-00C04F79EFBC}") = "Final Project", "Final Project\Final Project.csproj", "{987370F2-2BCA-4E64-B105-8DDDBBD6C2ED}"
EndProject
Project("{54435603-DBB4-11D2-8724-00A0C9A8B90C}") = "Setup1", "Setup1\Setup1.vdproj", "{186D3EF4-D20C-430E-BAC6-64E37D69CEAD}"
EndProject
Global
	GlobalSection(SolutionConfigurationPlatforms) = preSolution
		Debug|Any CPU = Debug|Any CPU
		Release|Any CPU = Release|Any CPU
	EndGlobalSection
	GlobalSection(ProjectConfigurationPlatforms) = postSolution
		{987370F2-2BCA-4E64-B105-8DDDBBD6C2ED}.Debug|Any CPU.ActiveCfg = Debug|Any CPU
		{987370F2-2BCA-4E64-B105-8DDDBBD6C2ED}.Debug|Any CPU.Build.0 = Debug|Any CPU
		{987370F2-2BCA-4E64-B105-8DDDBBD6C2ED}.Release|Any CPU.ActiveCfg = Release|Any CPU
		{987370F2-2BCA-4E64-B105-8DDDBBD6C2ED}.Release|Any CPU.Build.0 = Release|Any CPU
		{186D3EF4-D20C-430E-BAC6-64E37D69CEAD}.Debug|Any CPU.ActiveCfg = Debug
		{186D3EF4-D20C-430E-BAC6-64E37D69CEAD}.Release|Any CPU.ActiveCfg = Release
	EndGlobalSection
	GlobalSection(SolutionProperties) = preSolution
		HideSolutionNode = FALSE
	EndGlobalSection
	GlobalSection(ExtensibilityGlobals) = postSolution
		SolutionGuid = {146E1933-BF61-473A-BAA0-B0C8190B391A}
	EndGlobalSection
EndGlobal
